// !$*UTF8*$!
{
	archiveVersion = 1;
	classes = {
	};
	objectVersion = 51;
	objects = {

/* Begin PBXBuildFile section */
		09C16104C54872E75A30C9C4 /* ViewController.swift in Sources */ = {isa = PBXBuildFile; fileRef = 8DB4CE29477F1A477B2DA408 /* ViewController.swift */; };
		16D116829CCED82A5861B88F /* AppDelegate.swift in Sources */ = {isa = PBXBuildFile; fileRef = A894F715496B8F94F7BBFDB1 /* AppDelegate.swift */; };
		349D8A362D93308D00884AC5 /* UIConfigurations.swift in Sources */ = {isa = PBXBuildFile; fileRef = 349D8A332D93308D00884AC5 /* UIConfigurations.swift */; };
		349D8A372D93308D00884AC5 /* UIColor+Externsions.swift in Sources */ = {isa = PBXBuildFile; fileRef = 349D8A302D93308D00884AC5 /* UIColor+Externsions.swift */; };
		349D8A382D93308D00884AC5 /* MarketplaceDeliveryColor.swift in Sources */ = {isa = PBXBuildFile; fileRef = 349D8A2F2D93308D00884AC5 /* MarketplaceDeliveryColor.swift */; };
		349D8A422D9330A500884AC5 /* BaseCoordinator.swift in Sources */ = {isa = PBXBuildFile; fileRef = 349D8A392D9330A500884AC5 /* BaseCoordinator.swift */; };
		349D8A432D9330A500884AC5 /* Coordinator.swift in Sources */ = {isa = PBXBuildFile; fileRef = 349D8A3A2D9330A500884AC5 /* Coordinator.swift */; };
		349D8A442D9330A500884AC5 /* CoordinatorViewController.swift in Sources */ = {isa = PBXBuildFile; fileRef = 349D8A3F2D9330A500884AC5 /* CoordinatorViewController.swift */; };
		349D8A452D9330A500884AC5 /* CoordinatorConfiguration.swift in Sources */ = {isa = PBXBuildFile; fileRef = 349D8A3B2D9330A500884AC5 /* CoordinatorConfiguration.swift */; };
		349D8A462D9330A500884AC5 /* TokenManager.swift in Sources */ = {isa = PBXBuildFile; fileRef = 349D8A3D2D9330A500884AC5 /* TokenManager.swift */; };
		349D8A532D9330CF00884AC5 /* LoginViewController.swift in Sources */ = {isa = PBXBuildFile; fileRef = 349D8A4B2D9330CF00884AC5 /* LoginViewController.swift */; };
		349D8A542D9330CF00884AC5 /* AppCoordinator.swift in Sources */ = {isa = PBXBuildFile; fileRef = 349D8A472D9330CF00884AC5 /* AppCoordinator.swift */; };
		349D8A552D9330CF00884AC5 /* LoginView.swift in Sources */ = {isa = PBXBuildFile; fileRef = 349D8A4A2D9330CF00884AC5 /* LoginView.swift */; };
		349D8A562D9330CF00884AC5 /* SplashViewController.swift in Sources */ = {isa = PBXBuildFile; fileRef = 349D8A502D9330CF00884AC5 /* SplashViewController.swift */; };
		349D8A572D9330CF00884AC5 /* LoginCoordinator.swift in Sources */ = {isa = PBXBuildFile; fileRef = 349D8A492D9330CF00884AC5 /* LoginCoordinator.swift */; };
		349D8A582D9330CF00884AC5 /* SplashView.swift in Sources */ = {isa = PBXBuildFile; fileRef = 349D8A4F2D9330CF00884AC5 /* SplashView.swift */; };
		349D8A592D9330CF00884AC5 /* SplashCoordinator.swift in Sources */ = {isa = PBXBuildFile; fileRef = 349D8A4E2D9330CF00884AC5 /* SplashCoordinator.swift */; };
		349D8A5A2D9330CF00884AC5 /* LoginViewModel.swift in Sources */ = {isa = PBXBuildFile; fileRef = 349D8A4C2D9330CF00884AC5 /* LoginViewModel.swift */; };
		349D8A612D9335DA00884AC5 /* ListProductCoordinator.swift in Sources */ = {isa = PBXBuildFile; fileRef = 349D8A602D9335CC00884AC5 /* ListProductCoordinator.swift */; };
		349D8A632D93360900884AC5 /* ListProductViewModel.swift in Sources */ = {isa = PBXBuildFile; fileRef = 349D8A622D93360200884AC5 /* ListProductViewModel.swift */; };
		349D8A652D93363100884AC5 /* ListProductController.swift in Sources */ = {isa = PBXBuildFile; fileRef = 349D8A642D93362B00884AC5 /* ListProductController.swift */; };
		349D8A692D9337A400884AC5 /* ListProductView.swift in Sources */ = {isa = PBXBuildFile; fileRef = 349D8A682D93379F00884AC5 /* ListProductView.swift */; };
		349D8A6B2D933CEE00884AC5 /* ProductCell.swift in Sources */ = {isa = PBXBuildFile; fileRef = 349D8A6A2D933CE800884AC5 /* ProductCell.swift */; };
		349D8A702D93455200884AC5 /* ListProductDatasource.swift in Sources */ = {isa = PBXBuildFile; fileRef = 349D8A6F2D93454E00884AC5 /* ListProductDatasource.swift */; };
		349D8A752D935B7F00884AC5 /* ImageLoader.swift in Sources */ = {isa = PBXBuildFile; fileRef = 349D8A742D935B7D00884AC5 /* ImageLoader.swift */; };
		349D8A782D935DE500884AC5 /* ProductsResponse.swift in Sources */ = {isa = PBXBuildFile; fileRef = 349D8A772D935DE300884AC5 /* ProductsResponse.swift */; };
		349D8A7B2D93EAAD00884AC5 /* AuthService.swift in Sources */ = {isa = PBXBuildFile; fileRef = 349D8A7A2D93EAAB00884AC5 /* AuthService.swift */; };
		349D8A7D2D93EAE300884AC5 /* APIClient.swift in Sources */ = {isa = PBXBuildFile; fileRef = 349D8A7C2D93EAE200884AC5 /* APIClient.swift */; };
		349D8A7F2D941AA700884AC5 /* APIError.swift in Sources */ = {isa = PBXBuildFile; fileRef = 349D8A7E2D941AA500884AC5 /* APIError.swift */; };
		349D8A832D944E4F00884AC5 /* DetailViewController.swift in Sources */ = {isa = PBXBuildFile; fileRef = 349D8A822D944E4B00884AC5 /* DetailViewController.swift */; };
		349D8A852D944E6400884AC5 /* DetailCoordinator.swift in Sources */ = {isa = PBXBuildFile; fileRef = 349D8A842D944E5E00884AC5 /* DetailCoordinator.swift */; };
		349D8A872D944F1600884AC5 /* DetailViewModel.swift in Sources */ = {isa = PBXBuildFile; fileRef = 349D8A862D944F1400884AC5 /* DetailViewModel.swift */; };
		349D8A8B2D9452AA00884AC5 /* ListProductsService.swift in Sources */ = {isa = PBXBuildFile; fileRef = 349D8A8A2D9452A100884AC5 /* ListProductsService.swift */; };
		349D8A902D9460A500884AC5 /* LocalizedString.swift in Sources */ = {isa = PBXBuildFile; fileRef = 349D8A8F2D9460A400884AC5 /* LocalizedString.swift */; };
		349D8A922D94610500884AC5 /* Localizable.strings in Sources */ = {isa = PBXBuildFile; fileRef = 349D8A912D94610300884AC5 /* Localizable.strings */; };
		349D8A952D946A3600884AC5 /* Binding.swift in Sources */ = {isa = PBXBuildFile; fileRef = 349D8A942D946A3400884AC5 /* Binding.swift */; };
		349D8A972D94956000884AC5 /* ListProductDelegate.swift in Sources */ = {isa = PBXBuildFile; fileRef = 349D8A962D94955200884AC5 /* ListProductDelegate.swift */; };
		C3DB2818B46BDE953F8C8602 /* TestMELITests.swift in Sources */ = {isa = PBXBuildFile; fileRef = BD45C9105D9A8717BB900900 /* TestMELITests.swift */; };
		C7DD4130C06D04FDF0E2CBCA /* SceneDelegate.swift in Sources */ = {isa = PBXBuildFile; fileRef = 95D8883537EC2EB659FFC837 /* SceneDelegate.swift */; };
		FACE7E030B9BC8A208A3C116 /* Assets.xcassets in Resources */ = {isa = PBXBuildFile; fileRef = 35A214EE4665ACE6F12D74B5 /* Assets.xcassets */; };
/* End PBXBuildFile section */

/* Begin PBXContainerItemProxy section */
		47FF2307A2BE6CBA038B8E0D /* PBXContainerItemProxy */ = {
			isa = PBXContainerItemProxy;
			containerPortal = 6468DA1D7C83CA454E4613D2 /* Project object */;
			proxyType = 1;
			remoteGlobalIDString = 6D65066459AF52A26CDBD17F;
			remoteInfo = TestMELI;
		};
/* End PBXContainerItemProxy section */

/* Begin PBXFileReference section */
		349D8A2F2D93308D00884AC5 /* MarketplaceDeliveryColor.swift */ = {isa = PBXFileReference; lastKnownFileType = sourcecode.swift; path = MarketplaceDeliveryColor.swift; sourceTree = "<group>"; };
		349D8A302D93308D00884AC5 /* UIColor+Externsions.swift */ = {isa = PBXFileReference; lastKnownFileType = sourcecode.swift; path = "UIColor+Externsions.swift"; sourceTree = "<group>"; };
		349D8A332D93308D00884AC5 /* UIConfigurations.swift */ = {isa = PBXFileReference; lastKnownFileType = sourcecode.swift; path = UIConfigurations.swift; sourceTree = "<group>"; };
		349D8A392D9330A500884AC5 /* BaseCoordinator.swift */ = {isa = PBXFileReference; lastKnownFileType = sourcecode.swift; path = BaseCoordinator.swift; sourceTree = "<group>"; };
		349D8A3A2D9330A500884AC5 /* Coordinator.swift */ = {isa = PBXFileReference; lastKnownFileType = sourcecode.swift; path = Coordinator.swift; sourceTree = "<group>"; };
		349D8A3B2D9330A500884AC5 /* CoordinatorConfiguration.swift */ = {isa = PBXFileReference; lastKnownFileType = sourcecode.swift; path = CoordinatorConfiguration.swift; sourceTree = "<group>"; };
		349D8A3D2D9330A500884AC5 /* TokenManager.swift */ = {isa = PBXFileReference; lastKnownFileType = sourcecode.swift; path = TokenManager.swift; sourceTree = "<group>"; };
		349D8A3F2D9330A500884AC5 /* CoordinatorViewController.swift */ = {isa = PBXFileReference; lastKnownFileType = sourcecode.swift; path = CoordinatorViewController.swift; sourceTree = "<group>"; };
		349D8A472D9330CF00884AC5 /* AppCoordinator.swift */ = {isa = PBXFileReference; lastKnownFileType = sourcecode.swift; path = AppCoordinator.swift; sourceTree = "<group>"; };
		349D8A492D9330CF00884AC5 /* LoginCoordinator.swift */ = {isa = PBXFileReference; lastKnownFileType = sourcecode.swift; path = LoginCoordinator.swift; sourceTree = "<group>"; };
		349D8A4A2D9330CF00884AC5 /* LoginView.swift */ = {isa = PBXFileReference; lastKnownFileType = sourcecode.swift; path = LoginView.swift; sourceTree = "<group>"; };
		349D8A4B2D9330CF00884AC5 /* LoginViewController.swift */ = {isa = PBXFileReference; lastKnownFileType = sourcecode.swift; path = LoginViewController.swift; sourceTree = "<group>"; };
		349D8A4C2D9330CF00884AC5 /* LoginViewModel.swift */ = {isa = PBXFileReference; lastKnownFileType = sourcecode.swift; path = LoginViewModel.swift; sourceTree = "<group>"; };
		349D8A4E2D9330CF00884AC5 /* SplashCoordinator.swift */ = {isa = PBXFileReference; lastKnownFileType = sourcecode.swift; path = SplashCoordinator.swift; sourceTree = "<group>"; };
		349D8A4F2D9330CF00884AC5 /* SplashView.swift */ = {isa = PBXFileReference; lastKnownFileType = sourcecode.swift; path = SplashView.swift; sourceTree = "<group>"; };
		349D8A502D9330CF00884AC5 /* SplashViewController.swift */ = {isa = PBXFileReference; lastKnownFileType = sourcecode.swift; path = SplashViewController.swift; sourceTree = "<group>"; };
		349D8A602D9335CC00884AC5 /* ListProductCoordinator.swift */ = {isa = PBXFileReference; lastKnownFileType = sourcecode.swift; path = ListProductCoordinator.swift; sourceTree = "<group>"; };
		349D8A622D93360200884AC5 /* ListProductViewModel.swift */ = {isa = PBXFileReference; lastKnownFileType = sourcecode.swift; path = ListProductViewModel.swift; sourceTree = "<group>"; };
		349D8A642D93362B00884AC5 /* ListProductController.swift */ = {isa = PBXFileReference; lastKnownFileType = sourcecode.swift; path = ListProductController.swift; sourceTree = "<group>"; };
		349D8A682D93379F00884AC5 /* ListProductView.swift */ = {isa = PBXFileReference; lastKnownFileType = sourcecode.swift; path = ListProductView.swift; sourceTree = "<group>"; };
		349D8A6A2D933CE800884AC5 /* ProductCell.swift */ = {isa = PBXFileReference; lastKnownFileType = sourcecode.swift; path = ProductCell.swift; sourceTree = "<group>"; };
		349D8A6F2D93454E00884AC5 /* ListProductDatasource.swift */ = {isa = PBXFileReference; lastKnownFileType = sourcecode.swift; path = ListProductDatasource.swift; sourceTree = "<group>"; };
		349D8A742D935B7D00884AC5 /* ImageLoader.swift */ = {isa = PBXFileReference; lastKnownFileType = sourcecode.swift; path = ImageLoader.swift; sourceTree = "<group>"; };
		349D8A772D935DE300884AC5 /* ProductsResponse.swift */ = {isa = PBXFileReference; lastKnownFileType = sourcecode.swift; path = ProductsResponse.swift; sourceTree = "<group>"; };
		349D8A7A2D93EAAB00884AC5 /* AuthService.swift */ = {isa = PBXFileReference; lastKnownFileType = sourcecode.swift; path = AuthService.swift; sourceTree = "<group>"; };
		349D8A7C2D93EAE200884AC5 /* APIClient.swift */ = {isa = PBXFileReference; lastKnownFileType = sourcecode.swift; path = APIClient.swift; sourceTree = "<group>"; };
		349D8A7E2D941AA500884AC5 /* APIError.swift */ = {isa = PBXFileReference; lastKnownFileType = sourcecode.swift; path = APIError.swift; sourceTree = "<group>"; };
		349D8A822D944E4B00884AC5 /* DetailViewController.swift */ = {isa = PBXFileReference; lastKnownFileType = sourcecode.swift; path = DetailViewController.swift; sourceTree = "<group>"; };
		349D8A842D944E5E00884AC5 /* DetailCoordinator.swift */ = {isa = PBXFileReference; lastKnownFileType = sourcecode.swift; path = DetailCoordinator.swift; sourceTree = "<group>"; };
		349D8A862D944F1400884AC5 /* DetailViewModel.swift */ = {isa = PBXFileReference; lastKnownFileType = sourcecode.swift; path = DetailViewModel.swift; sourceTree = "<group>"; };
		349D8A8A2D9452A100884AC5 /* ListProductsService.swift */ = {isa = PBXFileReference; lastKnownFileType = sourcecode.swift; path = ListProductsService.swift; sourceTree = "<group>"; };
		349D8A8F2D9460A400884AC5 /* LocalizedString.swift */ = {isa = PBXFileReference; lastKnownFileType = sourcecode.swift; path = LocalizedString.swift; sourceTree = "<group>"; };
		349D8A912D94610300884AC5 /* Localizable.strings */ = {isa = PBXFileReference; lastKnownFileType = text.plist.strings; path = Localizable.strings; sourceTree = "<group>"; };
		349D8A942D946A3400884AC5 /* Binding.swift */ = {isa = PBXFileReference; lastKnownFileType = sourcecode.swift; path = Binding.swift; sourceTree = "<group>"; };
		349D8A962D94955200884AC5 /* ListProductDelegate.swift */ = {isa = PBXFileReference; lastKnownFileType = sourcecode.swift; path = ListProductDelegate.swift; sourceTree = "<group>"; };
		35A214EE4665ACE6F12D74B5 /* Assets.xcassets */ = {isa = PBXFileReference; lastKnownFileType = folder.assetcatalog; path = Assets.xcassets; sourceTree = "<group>"; };
		5F06D7EB29A80995D7E0D223 /* TestMELI.app */ = {isa = PBXFileReference; includeInIndex = 0; lastKnownFileType = wrapper.application; path = TestMELI.app; sourceTree = BUILT_PRODUCTS_DIR; };
		8DB4CE29477F1A477B2DA408 /* ViewController.swift */ = {isa = PBXFileReference; lastKnownFileType = sourcecode.swift; path = ViewController.swift; sourceTree = "<group>"; };
		95D8883537EC2EB659FFC837 /* SceneDelegate.swift */ = {isa = PBXFileReference; lastKnownFileType = sourcecode.swift; path = SceneDelegate.swift; sourceTree = "<group>"; };
		A894F715496B8F94F7BBFDB1 /* AppDelegate.swift */ = {isa = PBXFileReference; lastKnownFileType = sourcecode.swift; path = AppDelegate.swift; sourceTree = "<group>"; };
		A9EF2764B0FD5F7B8618CD58 /* Info.plist */ = {isa = PBXFileReference; lastKnownFileType = text.plist; path = Info.plist; sourceTree = "<group>"; };
		BAFF2D59C201956F3A70CEDE /* TestMELITests.xctest */ = {isa = PBXFileReference; includeInIndex = 0; lastKnownFileType = wrapper.cfbundle; path = TestMELITests.xctest; sourceTree = BUILT_PRODUCTS_DIR; };
		BD45C9105D9A8717BB900900 /* TestMELITests.swift */ = {isa = PBXFileReference; lastKnownFileType = sourcecode.swift; path = TestMELITests.swift; sourceTree = "<group>"; };
/* End PBXFileReference section */

/* Begin PBXGroup section */
		0B65906E674708964CC73B58 /* TestMELI */ = {
			isa = PBXGroup;
			children = (
				349D8A8C2D94601100884AC5 /* Helpers */,
				349D8A722D935B6E00884AC5 /* Network */,
				349D8A5E2D9332F900884AC5 /* AppDelegate */,
				349D8A522D9330CF00884AC5 /* Source */,
				349D8A412D9330A500884AC5 /* Core */,
				349D8A352D93308D00884AC5 /* UI */,
				35A214EE4665ACE6F12D74B5 /* Assets.xcassets */,
				A9EF2764B0FD5F7B8618CD58 /* Info.plist */,
				8DB4CE29477F1A477B2DA408 /* ViewController.swift */,
			);
			path = TestMELI;
			sourceTree = "<group>";
		};
		349D8A312D93308D00884AC5 /* UIColor */ = {
			isa = PBXGroup;
			children = (
				349D8A302D93308D00884AC5 /* UIColor+Externsions.swift */,
			);
			path = UIColor;
			sourceTree = "<group>";
		};
		349D8A322D93308D00884AC5 /* Color */ = {
			isa = PBXGroup;
			children = (
				349D8A2F2D93308D00884AC5 /* MarketplaceDeliveryColor.swift */,
				349D8A312D93308D00884AC5 /* UIColor */,
			);
			path = Color;
			sourceTree = "<group>";
		};
		349D8A342D93308D00884AC5 /* Layout */ = {
			isa = PBXGroup;
			children = (
				349D8A332D93308D00884AC5 /* UIConfigurations.swift */,
			);
			path = Layout;
			sourceTree = "<group>";
		};
		349D8A352D93308D00884AC5 /* UI */ = {
			isa = PBXGroup;
			children = (
				349D8A322D93308D00884AC5 /* Color */,
				349D8A342D93308D00884AC5 /* Layout */,
			);
			path = UI;
			sourceTree = "<group>";
		};
		349D8A3C2D9330A500884AC5 /* Coordinator */ = {
			isa = PBXGroup;
			children = (
				349D8A392D9330A500884AC5 /* BaseCoordinator.swift */,
				349D8A3A2D9330A500884AC5 /* Coordinator.swift */,
				349D8A3B2D9330A500884AC5 /* CoordinatorConfiguration.swift */,
			);
			path = Coordinator;
			sourceTree = "<group>";
		};
		349D8A3E2D9330A500884AC5 /* Security */ = {
			isa = PBXGroup;
			children = (
				349D8A3D2D9330A500884AC5 /* TokenManager.swift */,
			);
			path = Security;
			sourceTree = "<group>";
		};
		349D8A402D9330A500884AC5 /* UIViewController */ = {
			isa = PBXGroup;
			children = (
				349D8A3F2D9330A500884AC5 /* CoordinatorViewController.swift */,
			);
			path = UIViewController;
			sourceTree = "<group>";
		};
		349D8A412D9330A500884AC5 /* Core */ = {
			isa = PBXGroup;
			children = (
				349D8A932D946A2B00884AC5 /* Binds */,
				349D8A3C2D9330A500884AC5 /* Coordinator */,
				349D8A3E2D9330A500884AC5 /* Security */,
				349D8A402D9330A500884AC5 /* UIViewController */,
			);
			path = Core;
			sourceTree = "<group>";
		};
		349D8A482D9330CF00884AC5 /* InitialFlow */ = {
			isa = PBXGroup;
			children = (
				349D8A472D9330CF00884AC5 /* AppCoordinator.swift */,
			);
			path = InitialFlow;
			sourceTree = "<group>";
		};
		349D8A4D2D9330CF00884AC5 /* Login */ = {
			isa = PBXGroup;
			children = (
				349D8A492D9330CF00884AC5 /* LoginCoordinator.swift */,
				349D8A4A2D9330CF00884AC5 /* LoginView.swift */,
				349D8A4B2D9330CF00884AC5 /* LoginViewController.swift */,
				349D8A4C2D9330CF00884AC5 /* LoginViewModel.swift */,
			);
			path = Login;
			sourceTree = "<group>";
		};
		349D8A512D9330CF00884AC5 /* Splash */ = {
			isa = PBXGroup;
			children = (
				349D8A4E2D9330CF00884AC5 /* SplashCoordinator.swift */,
				349D8A4F2D9330CF00884AC5 /* SplashView.swift */,
				349D8A502D9330CF00884AC5 /* SplashViewController.swift */,
			);
			path = Splash;
			sourceTree = "<group>";
		};
		349D8A522D9330CF00884AC5 /* Source */ = {
			isa = PBXGroup;
			children = (
				349D8A812D944E4000884AC5 /* DetailProduct */,
				349D8A5F2D9335AA00884AC5 /* ListProducts */,
				349D8A4D2D9330CF00884AC5 /* Login */,
				349D8A512D9330CF00884AC5 /* Splash */,
			);
			path = Source;
			sourceTree = "<group>";
		};
		349D8A5E2D9332F900884AC5 /* AppDelegate */ = {
			isa = PBXGroup;
			children = (
				349D8A482D9330CF00884AC5 /* InitialFlow */,
				A894F715496B8F94F7BBFDB1 /* AppDelegate.swift */,
				95D8883537EC2EB659FFC837 /* SceneDelegate.swift */,
			);
			path = AppDelegate;
			sourceTree = "<group>";
		};
		349D8A5F2D9335AA00884AC5 /* ListProducts */ = {
			isa = PBXGroup;
			children = (
				349D8A892D94529900884AC5 /* Service */,
				349D8A762D935DDD00884AC5 /* Model */,
				349D8A6E2D9344FE00884AC5 /* Coordinator */,
				349D8A6C2D9344CE00884AC5 /* ViewModel */,
				349D8A672D93377500884AC5 /* ViewController */,
			);
			path = ListProducts;
			sourceTree = "<group>";
		};
		349D8A662D93376100884AC5 /* Cells */ = {
			isa = PBXGroup;
			children = (
				349D8A6A2D933CE800884AC5 /* ProductCell.swift */,
			);
			path = Cells;
			sourceTree = "<group>";
		};
		349D8A672D93377500884AC5 /* ViewController */ = {
			isa = PBXGroup;
			children = (
				349D8A6D2D9344DD00884AC5 /* Components */,
				349D8A642D93362B00884AC5 /* ListProductController.swift */,
			);
			path = ViewController;
			sourceTree = "<group>";
		};
		349D8A6C2D9344CE00884AC5 /* ViewModel */ = {
			isa = PBXGroup;
			children = (
				349D8A622D93360200884AC5 /* ListProductViewModel.swift */,
			);
			path = ViewModel;
			sourceTree = "<group>";
		};
		349D8A6D2D9344DD00884AC5 /* Components */ = {
			isa = PBXGroup;
			children = (
				349D8A962D94955200884AC5 /* ListProductDelegate.swift */,
				349D8A712D93455A00884AC5 /* View */,
				349D8A6F2D93454E00884AC5 /* ListProductDatasource.swift */,
			);
			path = Components;
			sourceTree = "<group>";
		};
		349D8A6E2D9344FE00884AC5 /* Coordinator */ = {
			isa = PBXGroup;
			children = (
				349D8A602D9335CC00884AC5 /* ListProductCoordinator.swift */,
			);
			path = Coordinator;
			sourceTree = "<group>";
		};
		349D8A712D93455A00884AC5 /* View */ = {
			isa = PBXGroup;
			children = (
				349D8A682D93379F00884AC5 /* ListProductView.swift */,
				349D8A662D93376100884AC5 /* Cells */,
			);
			path = View;
			sourceTree = "<group>";
		};
		349D8A722D935B6E00884AC5 /* Network */ = {
			isa = PBXGroup;
			children = (
				349D8A802D941DB700884AC5 /* Request */,
				349D8A7E2D941AA500884AC5 /* APIError.swift */,
			);
			path = Network;
			sourceTree = "<group>";
		};
		349D8A732D935B7400884AC5 /* Image */ = {
			isa = PBXGroup;
			children = (
				349D8A742D935B7D00884AC5 /* ImageLoader.swift */,
			);
			path = Image;
			sourceTree = "<group>";
		};
		349D8A762D935DDD00884AC5 /* Model */ = {
			isa = PBXGroup;
			children = (
				349D8A772D935DE300884AC5 /* ProductsResponse.swift */,
			);
			path = Model;
			sourceTree = "<group>";
		};
		349D8A792D93EAA400884AC5 /* Auth */ = {
			isa = PBXGroup;
			children = (
				349D8A7A2D93EAAB00884AC5 /* AuthService.swift */,
			);
			path = Auth;
			sourceTree = "<group>";
		};
		349D8A802D941DB700884AC5 /* Request */ = {
			isa = PBXGroup;
			children = (
				349D8A792D93EAA400884AC5 /* Auth */,
				349D8A732D935B7400884AC5 /* Image */,
				349D8A7C2D93EAE200884AC5 /* APIClient.swift */,
			);
			path = Request;
			sourceTree = "<group>";
		};
		349D8A812D944E4000884AC5 /* DetailProduct */ = {
			isa = PBXGroup;
			children = (
				349D8A862D944F1400884AC5 /* DetailViewModel.swift */,
				349D8A842D944E5E00884AC5 /* DetailCoordinator.swift */,
				349D8A822D944E4B00884AC5 /* DetailViewController.swift */,
			);
			path = DetailProduct;
			sourceTree = "<group>";
		};
		349D8A892D94529900884AC5 /* Service */ = {
			isa = PBXGroup;
			children = (
				349D8A8A2D9452A100884AC5 /* ListProductsService.swift */,
			);
			path = Service;
			sourceTree = "<group>";
		};
		349D8A8C2D94601100884AC5 /* Helpers */ = {
			isa = PBXGroup;
			children = (
				349D8A912D94610300884AC5 /* Localizable.strings */,
				349D8A8F2D9460A400884AC5 /* LocalizedString.swift */,
			);
			path = Helpers;
			sourceTree = "<group>";
		};
		349D8A932D946A2B00884AC5 /* Binds */ = {
			isa = PBXGroup;
			children = (
				349D8A942D946A3400884AC5 /* Binding.swift */,
			);
			path = Binds;
			sourceTree = "<group>";
		};
		436E37081BCB2E242E3EC68B = {
			isa = PBXGroup;
			children = (
				0B65906E674708964CC73B58 /* TestMELI */,
				FE7B61548DB9AD0771FE5789 /* TestMELITests */,
				E6A4DA8B01A7A06FB3E0B84E /* Products */,
			);
			sourceTree = "<group>";
		};
		E6A4DA8B01A7A06FB3E0B84E /* Products */ = {
			isa = PBXGroup;
			children = (
				5F06D7EB29A80995D7E0D223 /* TestMELI.app */,
				BAFF2D59C201956F3A70CEDE /* TestMELITests.xctest */,
			);
			name = Products;
			sourceTree = "<group>";
		};
		FE7B61548DB9AD0771FE5789 /* TestMELITests */ = {
			isa = PBXGroup;
			children = (
				BD45C9105D9A8717BB900900 /* TestMELITests.swift */,
			);
			path = TestMELITests;
			sourceTree = "<group>";
		};
/* End PBXGroup section */

/* Begin PBXNativeTarget section */
		6D65066459AF52A26CDBD17F /* TestMELI */ = {
			isa = PBXNativeTarget;
			buildConfigurationList = 3C69212C48A54D9BB2E561F3 /* Build configuration list for PBXNativeTarget "TestMELI" */;
			buildPhases = (
				FDD8CDC512AF20854797A858 /* Sources */,
				C995EB060B66F4E291738D0F /* Resources */,
			);
			buildRules = (
			);
			dependencies = (
			);
			name = TestMELI;
			productName = TestMELI;
			productReference = 5F06D7EB29A80995D7E0D223 /* TestMELI.app */;
			productType = "com.apple.product-type.application";
		};
		E9AEBDAD7A5DFF9850E3D5EB /* TestMELITests */ = {
			isa = PBXNativeTarget;
			buildConfigurationList = 33F5B12FF85FBF14A5F8C91D /* Build configuration list for PBXNativeTarget "TestMELITests" */;
			buildPhases = (
				F79FD736E0A0081406BBF9AB /* Sources */,
			);
			buildRules = (
			);
			dependencies = (
				DFED9E45D3189274CFAA81AA /* PBXTargetDependency */,
			);
			name = TestMELITests;
			productName = TestMELITests;
			productReference = BAFF2D59C201956F3A70CEDE /* TestMELITests.xctest */;
			productType = "com.apple.product-type.bundle.unit-test";
		};
/* End PBXNativeTarget section */

/* Begin PBXProject section */
		6468DA1D7C83CA454E4613D2 /* Project object */ = {
			isa = PBXProject;
			attributes = {
				LastUpgradeCheck = 1200;
				TargetAttributes = {
					6D65066459AF52A26CDBD17F = {
						DevelopmentTeam = "";
						ProvisioningStyle = Manual;
					};
				};
			};
			buildConfigurationList = 0904071CE3D7667DE4B84BF4 /* Build configuration list for PBXProject "TestMELI" */;
			compatibilityVersion = "Xcode 10.0";
			developmentRegion = en;
			hasScannedForEncodings = 0;
			knownRegions = (
				Base,
				en,
			);
			mainGroup = 436E37081BCB2E242E3EC68B;
			projectDirPath = "";
			projectRoot = "";
			targets = (
				6D65066459AF52A26CDBD17F /* TestMELI */,
				E9AEBDAD7A5DFF9850E3D5EB /* TestMELITests */,
			);
		};
/* End PBXProject section */

/* Begin PBXResourcesBuildPhase section */
		C995EB060B66F4E291738D0F /* Resources */ = {
			isa = PBXResourcesBuildPhase;
			buildActionMask = 2147483647;
			files = (
				FACE7E030B9BC8A208A3C116 /* Assets.xcassets in Resources */,
			);
			runOnlyForDeploymentPostprocessing = 0;
		};
/* End PBXResourcesBuildPhase section */

/* Begin PBXSourcesBuildPhase section */
		F79FD736E0A0081406BBF9AB /* Sources */ = {
			isa = PBXSourcesBuildPhase;
			buildActionMask = 2147483647;
			files = (
				C3DB2818B46BDE953F8C8602 /* TestMELITests.swift in Sources */,
			);
			runOnlyForDeploymentPostprocessing = 0;
		};
		FDD8CDC512AF20854797A858 /* Sources */ = {
			isa = PBXSourcesBuildPhase;
			buildActionMask = 2147483647;
			files = (
				16D116829CCED82A5861B88F /* AppDelegate.swift in Sources */,
				349D8A532D9330CF00884AC5 /* LoginViewController.swift in Sources */,
				349D8A702D93455200884AC5 /* ListProductDatasource.swift in Sources */,
				349D8A542D9330CF00884AC5 /* AppCoordinator.swift in Sources */,
				349D8A552D9330CF00884AC5 /* LoginView.swift in Sources */,
				349D8A7D2D93EAE300884AC5 /* APIClient.swift in Sources */,
				349D8A6B2D933CEE00884AC5 /* ProductCell.swift in Sources */,
				349D8A562D9330CF00884AC5 /* SplashViewController.swift in Sources */,
				349D8A692D9337A400884AC5 /* ListProductView.swift in Sources */,
				349D8A852D944E6400884AC5 /* DetailCoordinator.swift in Sources */,
				349D8A902D9460A500884AC5 /* LocalizedString.swift in Sources */,
				349D8A572D9330CF00884AC5 /* LoginCoordinator.swift in Sources */,
				349D8A952D946A3600884AC5 /* Binding.swift in Sources */,
				349D8A582D9330CF00884AC5 /* SplashView.swift in Sources */,
				349D8A592D9330CF00884AC5 /* SplashCoordinator.swift in Sources */,
				349D8A782D935DE500884AC5 /* ProductsResponse.swift in Sources */,
				349D8A5A2D9330CF00884AC5 /* LoginViewModel.swift in Sources */,
				349D8A752D935B7F00884AC5 /* ImageLoader.swift in Sources */,
				349D8A362D93308D00884AC5 /* UIConfigurations.swift in Sources */,
				349D8A832D944E4F00884AC5 /* DetailViewController.swift in Sources */,
				349D8A422D9330A500884AC5 /* BaseCoordinator.swift in Sources */,
				349D8A652D93363100884AC5 /* ListProductController.swift in Sources */,
				349D8A432D9330A500884AC5 /* Coordinator.swift in Sources */,
				349D8A8B2D9452AA00884AC5 /* ListProductsService.swift in Sources */,
				349D8A442D9330A500884AC5 /* CoordinatorViewController.swift in Sources */,
				349D8A452D9330A500884AC5 /* CoordinatorConfiguration.swift in Sources */,
				349D8A462D9330A500884AC5 /* TokenManager.swift in Sources */,
				349D8A372D93308D00884AC5 /* UIColor+Externsions.swift in Sources */,
				349D8A972D94956000884AC5 /* ListProductDelegate.swift in Sources */,
				349D8A7F2D941AA700884AC5 /* APIError.swift in Sources */,
				349D8A612D9335DA00884AC5 /* ListProductCoordinator.swift in Sources */,
				349D8A382D93308D00884AC5 /* MarketplaceDeliveryColor.swift in Sources */,
				349D8A922D94610500884AC5 /* Localizable.strings in Sources */,
				C7DD4130C06D04FDF0E2CBCA /* SceneDelegate.swift in Sources */,
				349D8A632D93360900884AC5 /* ListProductViewModel.swift in Sources */,
				09C16104C54872E75A30C9C4 /* ViewController.swift in Sources */,
				349D8A872D944F1600884AC5 /* DetailViewModel.swift in Sources */,
				349D8A7B2D93EAAD00884AC5 /* AuthService.swift in Sources */,
			);
			runOnlyForDeploymentPostprocessing = 0;
		};
/* End PBXSourcesBuildPhase section */

/* Begin PBXTargetDependency section */
		DFED9E45D3189274CFAA81AA /* PBXTargetDependency */ = {
			isa = PBXTargetDependency;
			target = 6D65066459AF52A26CDBD17F /* TestMELI */;
			targetProxy = 47FF2307A2BE6CBA038B8E0D /* PBXContainerItemProxy */;
		};
/* End PBXTargetDependency section */

/* Begin XCBuildConfiguration section */
		74F1BA212F6A7B8D63C68FBA /* Release */ = {
			isa = XCBuildConfiguration;
			buildSettings = {
				BUNDLE_LOADER = "$(TEST_HOST)";
				CODE_SIGNING_ALLOWED = NO;
				LD_RUNPATH_SEARCH_PATHS = (
					"$(inherited)",
					"@executable_path/Frameworks",
					"@loader_path/Frameworks",
				);
				SDKROOT = iphoneos;
				TARGETED_DEVICE_FAMILY = "1,2";
				TEST_HOST = "$(BUILT_PRODUCTS_DIR)/TestMELI.app/TestMELI";
			};
			name = Release;
		};
		A06F1C000B205E5754CF1B8D /* Debug */ = {
			isa = XCBuildConfiguration;
			buildSettings = {
				ASSETCATALOG_COMPILER_APPICON_NAME = AppIcon;
				CODE_SIGN_IDENTITY = "iPhone Developer";
				CODE_SIGN_STYLE = Manual;
				DEVELOPMENT_TEAM = "";
				INFOPLIST_FILE = TestMELI/Info.plist;
				LD_RUNPATH_SEARCH_PATHS = (
					"$(inherited)",
					"@executable_path/Frameworks",
				);
				PRODUCT_BUNDLE_IDENTIFIER = com.meli.testmeli;
				PROVISIONING_PROFILE = "";
				SDKROOT = iphoneos;
				SWIFT_VERSION = 5.0;
				TARGETED_DEVICE_FAMILY = "1,2";
			};
			name = Debug;
		};
		BC8B39A6151B4E9D96DFB14D /* Release */ = {
			isa = XCBuildConfiguration;
			buildSettings = {
				ALWAYS_SEARCH_USER_PATHS = NO;
				CLANG_ANALYZER_NONNULL = YES;
				CLANG_ANALYZER_NUMBER_OBJECT_CONVERSION = YES_AGGRESSIVE;
				CLANG_CXX_LANGUAGE_STANDARD = "gnu++14";
				CLANG_CXX_LIBRARY = "libc++";
				CLANG_ENABLE_MODULES = YES;
				CLANG_ENABLE_OBJC_ARC = YES;
				CLANG_ENABLE_OBJC_WEAK = YES;
				CLANG_WARN_BLOCK_CAPTURE_AUTORELEASING = YES;
				CLANG_WARN_BOOL_CONVERSION = YES;
				CLANG_WARN_COMMA = YES;
				CLANG_WARN_CONSTANT_CONVERSION = YES;
				CLANG_WARN_DEPRECATED_OBJC_IMPLEMENTATIONS = YES;
				CLANG_WARN_DIRECT_OBJC_ISA_USAGE = YES_ERROR;
				CLANG_WARN_DOCUMENTATION_COMMENTS = YES;
				CLANG_WARN_EMPTY_BODY = YES;
				CLANG_WARN_ENUM_CONVERSION = YES;
				CLANG_WARN_INFINITE_RECURSION = YES;
				CLANG_WARN_INT_CONVERSION = YES;
				CLANG_WARN_NON_LITERAL_NULL_CONVERSION = YES;
				CLANG_WARN_OBJC_IMPLICIT_RETAIN_SELF = YES;
				CLANG_WARN_OBJC_LITERAL_CONVERSION = YES;
				CLANG_WARN_OBJC_ROOT_CLASS = YES_ERROR;
				CLANG_WARN_QUOTED_INCLUDE_IN_FRAMEWORK_HEADER = YES;
				CLANG_WARN_RANGE_LOOP_ANALYSIS = YES;
				CLANG_WARN_STRICT_PROTOTYPES = YES;
				CLANG_WARN_SUSPICIOUS_MOVE = YES;
				CLANG_WARN_UNGUARDED_AVAILABILITY = YES_AGGRESSIVE;
				CLANG_WARN_UNREACHABLE_CODE = YES;
				CLANG_WARN__DUPLICATE_METHOD_MATCH = YES;
				COPY_PHASE_STRIP = NO;
				DEBUG_INFORMATION_FORMAT = "dwarf-with-dsym";
				ENABLE_NS_ASSERTIONS = NO;
				ENABLE_STRICT_OBJC_MSGSEND = YES;
				GCC_C_LANGUAGE_STANDARD = gnu11;
				GCC_NO_COMMON_BLOCKS = YES;
				GCC_WARN_64_TO_32_BIT_CONVERSION = YES;
				GCC_WARN_ABOUT_RETURN_TYPE = YES_ERROR;
				GCC_WARN_UNDECLARED_SELECTOR = YES;
				GCC_WARN_UNINITIALIZED_AUTOS = YES_AGGRESSIVE;
				GCC_WARN_UNUSED_FUNCTION = YES;
				GCC_WARN_UNUSED_VARIABLE = YES;
				MTL_ENABLE_DEBUG_INFO = NO;
				MTL_FAST_MATH = YES;
				PRODUCT_NAME = "$(TARGET_NAME)";
				SDKROOT = iphoneos;
				SWIFT_COMPILATION_MODE = wholemodule;
				SWIFT_OPTIMIZATION_LEVEL = "-O";
				SWIFT_VERSION = 5.0;
			};
			name = Release;
		};
		E33B18DA4F3B3AA4909A8BBE /* Release */ = {
			isa = XCBuildConfiguration;
			buildSettings = {
				ASSETCATALOG_COMPILER_APPICON_NAME = AppIcon;
				CODE_SIGN_IDENTITY = "iPhone Developer";
				CODE_SIGN_STYLE = Manual;
				DEVELOPMENT_TEAM = "";
				INFOPLIST_FILE = TestMELI/Info.plist;
				LD_RUNPATH_SEARCH_PATHS = (
					"$(inherited)",
					"@executable_path/Frameworks",
				);
				PRODUCT_BUNDLE_IDENTIFIER = com.meli.testmeli;
				PROVISIONING_PROFILE = "";
				SDKROOT = iphoneos;
				SWIFT_VERSION = 5.0;
				TARGETED_DEVICE_FAMILY = "1,2";
			};
			name = Release;
		};
		F0EFED619413D5EB7FEF04DD /* Debug */ = {
			isa = XCBuildConfiguration;
			buildSettings = {
				ALWAYS_SEARCH_USER_PATHS = NO;
				CLANG_ANALYZER_NONNULL = YES;
				CLANG_ANALYZER_NUMBER_OBJECT_CONVERSION = YES_AGGRESSIVE;
				CLANG_CXX_LANGUAGE_STANDARD = "gnu++14";
				CLANG_CXX_LIBRARY = "libc++";
				CLANG_ENABLE_MODULES = YES;
				CLANG_ENABLE_OBJC_ARC = YES;
				CLANG_ENABLE_OBJC_WEAK = YES;
				CLANG_WARN_BLOCK_CAPTURE_AUTORELEASING = YES;
				CLANG_WARN_BOOL_CONVERSION = YES;
				CLANG_WARN_COMMA = YES;
				CLANG_WARN_CONSTANT_CONVERSION = YES;
				CLANG_WARN_DEPRECATED_OBJC_IMPLEMENTATIONS = YES;
				CLANG_WARN_DIRECT_OBJC_ISA_USAGE = YES_ERROR;
				CLANG_WARN_DOCUMENTATION_COMMENTS = YES;
				CLANG_WARN_EMPTY_BODY = YES;
				CLANG_WARN_ENUM_CONVERSION = YES;
				CLANG_WARN_INFINITE_RECURSION = YES;
				CLANG_WARN_INT_CONVERSION = YES;
				CLANG_WARN_NON_LITERAL_NULL_CONVERSION = YES;
				CLANG_WARN_OBJC_IMPLICIT_RETAIN_SELF = YES;
				CLANG_WARN_OBJC_LITERAL_CONVERSION = YES;
				CLANG_WARN_OBJC_ROOT_CLASS = YES_ERROR;
				CLANG_WARN_QUOTED_INCLUDE_IN_FRAMEWORK_HEADER = YES;
				CLANG_WARN_RANGE_LOOP_ANALYSIS = YES;
				CLANG_WARN_STRICT_PROTOTYPES = YES;
				CLANG_WARN_SUSPICIOUS_MOVE = YES;
				CLANG_WARN_UNGUARDED_AVAILABILITY = YES_AGGRESSIVE;
				CLANG_WARN_UNREACHABLE_CODE = YES;
				CLANG_WARN__DUPLICATE_METHOD_MATCH = YES;
				COPY_PHASE_STRIP = NO;
				DEBUG_INFORMATION_FORMAT = dwarf;
				ENABLE_STRICT_OBJC_MSGSEND = YES;
				ENABLE_TESTABILITY = YES;
				GCC_C_LANGUAGE_STANDARD = gnu11;
				GCC_DYNAMIC_NO_PIC = NO;
				GCC_NO_COMMON_BLOCKS = YES;
				GCC_OPTIMIZATION_LEVEL = 0;
				GCC_PREPROCESSOR_DEFINITIONS = (
					"$(inherited)",
					"DEBUG=1",
				);
				GCC_WARN_64_TO_32_BIT_CONVERSION = YES;
				GCC_WARN_ABOUT_RETURN_TYPE = YES_ERROR;
				GCC_WARN_UNDECLARED_SELECTOR = YES;
				GCC_WARN_UNINITIALIZED_AUTOS = YES_AGGRESSIVE;
				GCC_WARN_UNUSED_FUNCTION = YES;
				GCC_WARN_UNUSED_VARIABLE = YES;
				MTL_ENABLE_DEBUG_INFO = INCLUDE_SOURCE;
				MTL_FAST_MATH = YES;
				ONLY_ACTIVE_ARCH = YES;
				PRODUCT_NAME = "$(TARGET_NAME)";
				SDKROOT = iphoneos;
				SWIFT_ACTIVE_COMPILATION_CONDITIONS = DEBUG;
				SWIFT_OPTIMIZATION_LEVEL = "-Onone";
				SWIFT_VERSION = 5.0;
			};
			name = Debug;
		};
		FE8BBD9EFB4079B4B0ED45D4 /* Debug */ = {
			isa = XCBuildConfiguration;
			buildSettings = {
				BUNDLE_LOADER = "$(TEST_HOST)";
				CODE_SIGNING_ALLOWED = NO;
				LD_RUNPATH_SEARCH_PATHS = (
					"$(inherited)",
					"@executable_path/Frameworks",
					"@loader_path/Frameworks",
				);
				SDKROOT = iphoneos;
				TARGETED_DEVICE_FAMILY = "1,2";
				TEST_HOST = "$(BUILT_PRODUCTS_DIR)/TestMELI.app/TestMELI";
			};
			name = Debug;
		};
/* End XCBuildConfiguration section */

/* Begin XCConfigurationList section */
		0904071CE3D7667DE4B84BF4 /* Build configuration list for PBXProject "TestMELI" */ = {
			isa = XCConfigurationList;
			buildConfigurations = (
				F0EFED619413D5EB7FEF04DD /* Debug */,
				BC8B39A6151B4E9D96DFB14D /* Release */,
			);
			defaultConfigurationIsVisible = 0;
			defaultConfigurationName = Debug;
		};
		33F5B12FF85FBF14A5F8C91D /* Build configuration list for PBXNativeTarget "TestMELITests" */ = {
			isa = XCConfigurationList;
			buildConfigurations = (
				FE8BBD9EFB4079B4B0ED45D4 /* Debug */,
				74F1BA212F6A7B8D63C68FBA /* Release */,
			);
			defaultConfigurationIsVisible = 0;
			defaultConfigurationName = Debug;
		};
		3C69212C48A54D9BB2E561F3 /* Build configuration list for PBXNativeTarget "TestMELI" */ = {
			isa = XCConfigurationList;
			buildConfigurations = (
				A06F1C000B205E5754CF1B8D /* Debug */,
				E33B18DA4F3B3AA4909A8BBE /* Release */,
			);
			defaultConfigurationIsVisible = 0;
			defaultConfigurationName = Debug;
		};
/* End XCConfigurationList section */
	};
	rootObject = 6468DA1D7C83CA454E4613D2 /* Project object */;
}
